
Microsoft Visual Studio Solution File, Format Version 12.00
# Visual Studio 2012
Project("{FAE04EC0-301F-11D3-BF4B-00C04F79EFBC}") = "ZavrsniRad", "ZavrsniRad\ZavrsniRad.csproj", "{DDA196B5-176B-4EB6-858A-FCDCC78524CF}"
EndProject
Project("{FAE04EC0-301F-11D3-BF4B-00C04F79EFBC}") = "ZavrsniRad.Tests", "ZavrsniRad.Tests\ZavrsniRad.Tests.csproj", "{E20848F7-87EA-4458-9FE5-30AB42F8EBA4}"
EndProject
Global
	GlobalSection(SolutionConfigurationPlatforms) = preSolution
		Debug|Any CPU = Debug|Any CPU
		Release|Any CPU = Release|Any CPU
	EndGlobalSection
	GlobalSection(ProjectConfigurationPlatforms) = postSolution
		{DDA196B5-176B-4EB6-858A-FCDCC78524CF}.Debug|Any CPU.ActiveCfg = Debug|Any CPU
		{DDA196B5-176B-4EB6-858A-FCDCC78524CF}.Debug|Any CPU.Build.0 = Debug|Any CPU
		{DDA196B5-176B-4EB6-858A-FCDCC78524CF}.Release|Any CPU.ActiveCfg = Release|Any CPU
		{DDA196B5-176B-4EB6-858A-FCDCC78524CF}.Release|Any CPU.Build.0 = Release|Any CPU
		{E20848F7-87EA-4458-9FE5-30AB42F8EBA4}.Debug|Any CPU.ActiveCfg = Debug|Any CPU
		{E20848F7-87EA-4458-9FE5-30AB42F8EBA4}.Debug|Any CPU.Build.0 = Debug|Any CPU
		{E20848F7-87EA-4458-9FE5-30AB42F8EBA4}.Release|Any CPU.ActiveCfg = Release|Any CPU
		{E20848F7-87EA-4458-9FE5-30AB42F8EBA4}.Release|Any CPU.Build.0 = Release|Any CPU
	EndGlobalSection
	GlobalSection(SolutionProperties) = preSolution
		HideSolutionNode = FALSE
	EndGlobalSection
	GlobalSection(Performance) = preSolution
		HasPerformanceSessions = true
	EndGlobalSection
EndGlobal
